
Microsoft Visual Studio Solution File, Format Version 12.00
# Visual Studio Version 17
VisualStudioVersion = 17.0.32014.148
MinimumVisualStudioVersion = 10.0.40219.1
Project("{9A19103F-16F7-4668-BE54-9A1E7A4F7556}") = "api", "api.csproj", "{61D54B00-2350-4C3A-99AE-30211C003E72}"
EndProject
Global
	GlobalSection(SolutionConfigurationPlatforms) = preSolution
		Debug|Any CPU = Debug|Any CPU
		Release|Any CPU = Release|Any CPU
	EndGlobalSection
	GlobalSection(ProjectConfigurationPlatforms) = postSolution
		{61D54B00-2350-4C3A-99AE-30211C003E72}.Debug|Any CPU.ActiveCfg = Debug|Any CPU
		{61D54B00-2350-4C3A-99AE-30211C003E72}.Debug|Any CPU.Build.0 = Debug|Any CPU
		{61D54B00-2350-4C3A-99AE-30211C003E72}.Release|Any CPU.ActiveCfg = Release|Any CPU
		{61D54B00-2350-4C3A-99AE-30211C003E72}.Release|Any CPU.Build.0 = Release|Any CPU
	EndGlobalSection
	GlobalSection(SolutionProperties) = preSolution
		HideSolutionNode = FALSE
	EndGlobalSection
	GlobalSection(ExtensibilityGlobals) = postSolution
		SolutionGuid = {FB4C42B7-2480-4B40-A7F3-C205FC28E369}
	EndGlobalSection
EndGlobal
